
Microsoft Visual Studio Solution File, Format Version 12.00
# Visual Studio 15
VisualStudioVersion = 15.0.28307.168
MinimumVisualStudioVersion = 10.0.40219.1
Project("{FAE04EC0-301F-11D3-BF4B-00C04F79EFBC}") = "MyLang", "MyLang.csproj", "{B70534F1-017B-493B-A491-7BB78306A674}"
EndProject
Global
	GlobalSection(SolutionConfigurationPlatforms) = preSolution
		Debug|Any CPU = Debug|Any CPU
		Release|Any CPU = Release|Any CPU
	EndGlobalSection
	GlobalSection(ProjectConfigurationPlatforms) = postSolution
		{B70534F1-017B-493B-A491-7BB78306A674}.Debug|Any CPU.ActiveCfg = Debug|Any CPU
		{B70534F1-017B-493B-A491-7BB78306A674}.Debug|Any CPU.Build.0 = Debug|Any CPU
		{B70534F1-017B-493B-A491-7BB78306A674}.Release|Any CPU.ActiveCfg = Release|Any CPU
		{B70534F1-017B-493B-A491-7BB78306A674}.Release|Any CPU.Build.0 = Release|Any CPU
	EndGlobalSection
	GlobalSection(SolutionProperties) = preSolution
		HideSolutionNode = FALSE
	EndGlobalSection
	GlobalSection(ExtensibilityGlobals) = postSolution
		SolutionGuid = {AD1EA492-D166-474D-A31D-CF6D5001BD5C}
	EndGlobalSection
EndGlobal
